// !$*UTF8*$!
{
	archiveVersion = 1;
	classes = {
	};
	objectVersion = 55;
	objects = {

/* Begin PBXBuildFile section */
		1E35B28E2750FBA200039C97 /* AppDelegate.swift in Sources */ = {isa = PBXBuildFile; fileRef = 1E35B28D2750FBA200039C97 /* AppDelegate.swift */; };
		1E35B2972750FBA300039C97 /* Assets.xcassets in Resources */ = {isa = PBXBuildFile; fileRef = 1E35B2962750FBA300039C97 /* Assets.xcassets */; };
		1E35B29A2750FBA300039C97 /* LaunchScreen.storyboard in Resources */ = {isa = PBXBuildFile; fileRef = 1E35B2982750FBA300039C97 /* LaunchScreen.storyboard */; };
		1E35B2A42750FBE500039C97 /* MainViewModel.swift in Sources */ = {isa = PBXBuildFile; fileRef = 1E35B2A32750FBE500039C97 /* MainViewModel.swift */; };
		1E35B2A92750FC1000039C97 /* MainVC.swift in Sources */ = {isa = PBXBuildFile; fileRef = 1E35B2A82750FC1000039C97 /* MainVC.swift */; };
		1E35B2AB2750FC3100039C97 /* MainViewBuilder.swift in Sources */ = {isa = PBXBuildFile; fileRef = 1E35B2AA2750FC3100039C97 /* MainViewBuilder.swift */; };
		1E35B2AE2751023400039C97 /* ImageCacheManager.swift in Sources */ = {isa = PBXBuildFile; fileRef = 1E35B2AD2751023400039C97 /* ImageCacheManager.swift */; };
		1E3CBE16275A3AD100656585 /* NetworkManager+Protocol.swift in Sources */ = {isa = PBXBuildFile; fileRef = 1E3CBE15275A3AD100656585 /* NetworkManager+Protocol.swift */; };
		1E3CBE19275A428200656585 /* APIServiceProvider+Protocol.swift in Sources */ = {isa = PBXBuildFile; fileRef = 1E3CBE18275A428200656585 /* APIServiceProvider+Protocol.swift */; };
		1E3CBE1F275A42E400656585 /* String+Extension.swift in Sources */ = {isa = PBXBuildFile; fileRef = 1E3CBE1E275A42E400656585 /* String+Extension.swift */; };
		1E3CBE21275A435300656585 /* NetworkError.swift in Sources */ = {isa = PBXBuildFile; fileRef = 1E3CBE20275A435300656585 /* NetworkError.swift */; };
		1E3CBE24275A43A300656585 /* HTTPMethod.swift in Sources */ = {isa = PBXBuildFile; fileRef = 1E3CBE23275A43A300656585 /* HTTPMethod.swift */; };
		1E3CBE26275A43CF00656585 /* HTTPHeaders.swift in Sources */ = {isa = PBXBuildFile; fileRef = 1E3CBE25275A43CF00656585 /* HTTPHeaders.swift */; };
		1E3CBE28275A43E900656585 /* HTTPHeader.swift in Sources */ = {isa = PBXBuildFile; fileRef = 1E3CBE27275A43E900656585 /* HTTPHeader.swift */; };
		1E3CBE2A275A440B00656585 /* HTTPHeaderFields.swift in Sources */ = {isa = PBXBuildFile; fileRef = 1E3CBE29275A440B00656585 /* HTTPHeaderFields.swift */; };
		1E3CBE2D275A444500656585 /* ParameterEncoding+Protocol.swift in Sources */ = {isa = PBXBuildFile; fileRef = 1E3CBE2C275A444500656585 /* ParameterEncoding+Protocol.swift */; };
		1E3CBE2F275A446400656585 /* URLParameterEncoder.swift in Sources */ = {isa = PBXBuildFile; fileRef = 1E3CBE2E275A446400656585 /* URLParameterEncoder.swift */; };
		1E3CBE33275A452300656585 /* JSONParameterEncoder.swift in Sources */ = {isa = PBXBuildFile; fileRef = 1E3CBE32275A452300656585 /* JSONParameterEncoder.swift */; };
		1E3CBE35275A455700656585 /* URLRequest+Extension.swift in Sources */ = {isa = PBXBuildFile; fileRef = 1E3CBE34275A455700656585 /* URLRequest+Extension.swift */; };
		1E3CBE37275A457800656585 /* Codable+Extension.swift in Sources */ = {isa = PBXBuildFile; fileRef = 1E3CBE36275A457800656585 /* Codable+Extension.swift */; };
		1E3CBE39275B6E0100656585 /* EndpointHelper.swift in Sources */ = {isa = PBXBuildFile; fileRef = 1E3CBE38275B6E0100656585 /* EndpointHelper.swift */; };
		1E3CBE3B275B804F00656585 /* PopularMovieListDataRequest.swift in Sources */ = {isa = PBXBuildFile; fileRef = 1E3CBE3A275B804F00656585 /* PopularMovieListDataRequest.swift */; };
		1E3CBE3D275B809600656585 /* MovieListDataResponse.swift in Sources */ = {isa = PBXBuildFile; fileRef = 1E3CBE3C275B809600656585 /* MovieListDataResponse.swift */; };
		1E3CBE40275BC55800656585 /* PopularMovieListProvider.swift in Sources */ = {isa = PBXBuildFile; fileRef = 1E3CBE3F275BC55800656585 /* PopularMovieListProvider.swift */; };
		1E3CBE43275BC5CB00656585 /* Typealiases.swift in Sources */ = {isa = PBXBuildFile; fileRef = 1E3CBE42275BC5CB00656585 /* Typealiases.swift */; };
		1E3CBE46275BC6F000656585 /* ServerResponse.swift in Sources */ = {isa = PBXBuildFile; fileRef = 1E3CBE45275BC6F000656585 /* ServerResponse.swift */; };
		1E3CBE48275BC70500656585 /* ErrorResponse.swift in Sources */ = {isa = PBXBuildFile; fileRef = 1E3CBE47275BC70500656585 /* ErrorResponse.swift */; };
		1E3CBE4A275BC72200656585 /* ApiConnectionErrorType.swift in Sources */ = {isa = PBXBuildFile; fileRef = 1E3CBE49275BC72200656585 /* ApiConnectionErrorType.swift */; };
		1E480F43275D291C00FD4D48 /* MovieDetailVC.swift in Sources */ = {isa = PBXBuildFile; fileRef = 1E480F42275D291C00FD4D48 /* MovieDetailVC.swift */; };
		1E480F45275D292400FD4D48 /* MovieDetailViewBuilder.swift in Sources */ = {isa = PBXBuildFile; fileRef = 1E480F44275D292400FD4D48 /* MovieDetailViewBuilder.swift */; };
		1E480F47275D292B00FD4D48 /* MovieDetailViewModel.swift in Sources */ = {isa = PBXBuildFile; fileRef = 1E480F46275D292B00FD4D48 /* MovieDetailViewModel.swift */; };
		1E480F4A275D2D6100FD4D48 /* MovieDetailDataRequest.swift in Sources */ = {isa = PBXBuildFile; fileRef = 1E480F49275D2D6100FD4D48 /* MovieDetailDataRequest.swift */; };
		1E480F4C275D3DA100FD4D48 /* MovieDetailDataFormatter+Protocol.swift in Sources */ = {isa = PBXBuildFile; fileRef = 1E480F4B275D3DA100FD4D48 /* MovieDetailDataFormatter+Protocol.swift */; };
		1E480F4E275D519F00FD4D48 /* MovieDetailDataProvider.swift in Sources */ = {isa = PBXBuildFile; fileRef = 1E480F4D275D519F00FD4D48 /* MovieDetailDataProvider.swift */; };
		1E480F50275D565600FD4D48 /* UIView+Extensions.swift in Sources */ = {isa = PBXBuildFile; fileRef = 1E480F4F275D565600FD4D48 /* UIView+Extensions.swift */; };
		1E5702B427692F8800E8CCB4 /* BaseModules in Frameworks */ = {isa = PBXBuildFile; productRef = 1E5702B327692F8800E8CCB4 /* BaseModules */; };
		1E5702B72769300B00E8CCB4 /* MainTabBarController.swift in Sources */ = {isa = PBXBuildFile; fileRef = 1E5702B62769300B00E8CCB4 /* MainTabBarController.swift */; };
		1E5702B92769301B00E8CCB4 /* MainTabBarBuilder.swift in Sources */ = {isa = PBXBuildFile; fileRef = 1E5702B82769301B00E8CCB4 /* MainTabBarBuilder.swift */; };
		1E5702BB276930DB00E8CCB4 /* AppTheme.swift in Sources */ = {isa = PBXBuildFile; fileRef = 1E5702BA276930DB00E8CCB4 /* AppTheme.swift */; };
		1E5702BE276931AF00E8CCB4 /* SearchViewModel.swift in Sources */ = {isa = PBXBuildFile; fileRef = 1E5702BD276931AF00E8CCB4 /* SearchViewModel.swift */; };
		1E5702C0276931C400E8CCB4 /* SearchVC.swift in Sources */ = {isa = PBXBuildFile; fileRef = 1E5702BF276931C400E8CCB4 /* SearchVC.swift */; };
		1E5702C22769320300E8CCB4 /* SearchViewBuilder.swift in Sources */ = {isa = PBXBuildFile; fileRef = 1E5702C12769320300E8CCB4 /* SearchViewBuilder.swift */; };
		1E72AD2027722D8800827849 /* SearchMovieDataRequest.swift in Sources */ = {isa = PBXBuildFile; fileRef = 1E72AD1F27722D8800827849 /* SearchMovieDataRequest.swift */; };
		1E72AD222772309700827849 /* SearchMovieListProvider.swift in Sources */ = {isa = PBXBuildFile; fileRef = 1E72AD212772309700827849 /* SearchMovieListProvider.swift */; };
		1E9C30FF275102E300525DB9 /* TopCollectionView.swift in Sources */ = {isa = PBXBuildFile; fileRef = 1E9C30FE275102E300525DB9 /* TopCollectionView.swift */; };
		1E9C31062751032900525DB9 /* CustomImageViewComponentContainer.swift in Sources */ = {isa = PBXBuildFile; fileRef = 1E9C31022751032900525DB9 /* CustomImageViewComponentContainer.swift */; };
		1E9C31072751032900525DB9 /* CustomImageViewComponentData.swift in Sources */ = {isa = PBXBuildFile; fileRef = 1E9C31032751032900525DB9 /* CustomImageViewComponentData.swift */; };
		1E9C31082751032900525DB9 /* CustomImageViewComponent.swift in Sources */ = {isa = PBXBuildFile; fileRef = 1E9C31042751032900525DB9 /* CustomImageViewComponent.swift */; };
		1E9C31092751032900525DB9 /* CustomImageLoadingType.swift in Sources */ = {isa = PBXBuildFile; fileRef = 1E9C31052751032900525DB9 /* CustomImageLoadingType.swift */; };
		1E9C310B2751037F00525DB9 /* TopCollectionViewData.swift in Sources */ = {isa = PBXBuildFile; fileRef = 1E9C310A2751037F00525DB9 /* TopCollectionViewData.swift */; };
		1E9C310D275105AF00525DB9 /* TopCollectionViewCell.swift in Sources */ = {isa = PBXBuildFile; fileRef = 1E9C310C275105AF00525DB9 /* TopCollectionViewCell.swift */; };
		1E9C310F2751069400525DB9 /* ItemProviderProtocol.swift in Sources */ = {isa = PBXBuildFile; fileRef = 1E9C310E2751069400525DB9 /* ItemProviderProtocol.swift */; };
		1E9C31122751074600525DB9 /* MainVM+ItemProviderProtocol.swift in Sources */ = {isa = PBXBuildFile; fileRef = 1E9C31112751074600525DB9 /* MainVM+ItemProviderProtocol.swift */; };
		1E9C31142751270800525DB9 /* MainViewDataFormatter+Protocol.swift in Sources */ = {isa = PBXBuildFile; fileRef = 1E9C31132751270800525DB9 /* MainViewDataFormatter+Protocol.swift */; };
		1E9D147B2767E16F002112DD /* MovieListViewState.swift in Sources */ = {isa = PBXBuildFile; fileRef = 1E9D147A2767E16F002112DD /* MovieListViewState.swift */; };
		1EA1B454276FB593003F1AE4 /* SearchViewModel+SearchBar.swift in Sources */ = {isa = PBXBuildFile; fileRef = 1EA1B453276FB593003F1AE4 /* SearchViewModel+SearchBar.swift */; };
		1EA1B456276FBEF8003F1AE4 /* SearchView.swift in Sources */ = {isa = PBXBuildFile; fileRef = 1EA1B455276FBEF8003F1AE4 /* SearchView.swift */; };
		1EA1B458276FBF3E003F1AE4 /* SearchViewData.swift in Sources */ = {isa = PBXBuildFile; fileRef = 1EA1B457276FBF3E003F1AE4 /* SearchViewData.swift */; };
		1EA1B45A276FC173003F1AE4 /* SearchTableViewCell.swift in Sources */ = {isa = PBXBuildFile; fileRef = 1EA1B459276FC173003F1AE4 /* SearchTableViewCell.swift */; };
		1EA1B45C276FC25C003F1AE4 /* SearchViewModel+ItemProviderProtocol.swift in Sources */ = {isa = PBXBuildFile; fileRef = 1EA1B45B276FC25C003F1AE4 /* SearchViewModel+ItemProviderProtocol.swift */; };
		1EA1B45E276FC38E003F1AE4 /* SearchDataFormatter+Protocol.swift in Sources */ = {isa = PBXBuildFile; fileRef = 1EA1B45D276FC38E003F1AE4 /* SearchDataFormatter+Protocol.swift */; };
		1EA1B460276FC49A003F1AE4 /* SearchViewState.swift in Sources */ = {isa = PBXBuildFile; fileRef = 1EA1B45F276FC49A003F1AE4 /* SearchViewState.swift */; };
		1EA6ABBA2767EFC500E30A27 /* PaginationInfo.swift in Sources */ = {isa = PBXBuildFile; fileRef = 1EA6ABB92767EFC500E30A27 /* PaginationInfo.swift */; };
		1EA6ABBC2767F01000E30A27 /* LoadingCellView.swift in Sources */ = {isa = PBXBuildFile; fileRef = 1EA6ABBB2767F01000E30A27 /* LoadingCellView.swift */; };
		1EC301B8275E8484008C4EB6 /* MovieDetailDataResponse.swift in Sources */ = {isa = PBXBuildFile; fileRef = 1EC301B7275E8484008C4EB6 /* MovieDetailDataResponse.swift */; };
		1EC301BB275E8F6D008C4EB6 /* MovieDetailView.swift in Sources */ = {isa = PBXBuildFile; fileRef = 1EC301BA275E8F6D008C4EB6 /* MovieDetailView.swift */; };
		1EC301BD275E8FA3008C4EB6 /* MovieDetailViewData.swift in Sources */ = {isa = PBXBuildFile; fileRef = 1EC301BC275E8FA3008C4EB6 /* MovieDetailViewData.swift */; };
		1EC301C1275E9140008C4EB6 /* MovieDetailTableViewCell.swift in Sources */ = {isa = PBXBuildFile; fileRef = 1EC301C0275E9140008C4EB6 /* MovieDetailTableViewCell.swift */; };
		1EC301C3275E9CC4008C4EB6 /* DetailView.swift in Sources */ = {isa = PBXBuildFile; fileRef = 1EC301C2275E9CC4008C4EB6 /* DetailView.swift */; };
		1EC301C5275E9CE2008C4EB6 /* DetailViewData.swift in Sources */ = {isa = PBXBuildFile; fileRef = 1EC301C4275E9CE2008C4EB6 /* DetailViewData.swift */; };
		1EC301C7275E9D43008C4EB6 /* MainFont.swift in Sources */ = {isa = PBXBuildFile; fileRef = 1EC301C6275E9D43008C4EB6 /* MainFont.swift */; };
		1EC301C9275EA14A008C4EB6 /* MovieDetailViewState.swift in Sources */ = {isa = PBXBuildFile; fileRef = 1EC301C8275EA14A008C4EB6 /* MovieDetailViewState.swift */; };
		1EC301CC275EA2BA008C4EB6 /* MovieDetailVM+ItemProviderProtocol.swift in Sources */ = {isa = PBXBuildFile; fileRef = 1EC301CB275EA2BA008C4EB6 /* MovieDetailVM+ItemProviderProtocol.swift */; };
		1EE5B72F2769EBD800A54EA8 /* TabBarImages.swift in Sources */ = {isa = PBXBuildFile; fileRef = 1EE5B72E2769EBD800A54EA8 /* TabBarImages.swift */; };
/* End PBXBuildFile section */

/* Begin PBXFileReference section */
		1E35B28A2750FBA200039C97 /* MovieDiary.app */ = {isa = PBXFileReference; explicitFileType = wrapper.application; includeInIndex = 0; path = MovieDiary.app; sourceTree = BUILT_PRODUCTS_DIR; };
		1E35B28D2750FBA200039C97 /* AppDelegate.swift */ = {isa = PBXFileReference; lastKnownFileType = sourcecode.swift; path = AppDelegate.swift; sourceTree = "<group>"; };
		1E35B2962750FBA300039C97 /* Assets.xcassets */ = {isa = PBXFileReference; lastKnownFileType = folder.assetcatalog; path = Assets.xcassets; sourceTree = "<group>"; };
		1E35B2992750FBA300039C97 /* Base */ = {isa = PBXFileReference; lastKnownFileType = file.storyboard; name = Base; path = Base.lproj/LaunchScreen.storyboard; sourceTree = "<group>"; };
		1E35B29B2750FBA300039C97 /* Info.plist */ = {isa = PBXFileReference; lastKnownFileType = text.plist.xml; path = Info.plist; sourceTree = "<group>"; };
		1E35B2A32750FBE500039C97 /* MainViewModel.swift */ = {isa = PBXFileReference; lastKnownFileType = sourcecode.swift; path = MainViewModel.swift; sourceTree = "<group>"; };
		1E35B2A82750FC1000039C97 /* MainVC.swift */ = {isa = PBXFileReference; lastKnownFileType = sourcecode.swift; path = MainVC.swift; sourceTree = "<group>"; };
		1E35B2AA2750FC3100039C97 /* MainViewBuilder.swift */ = {isa = PBXFileReference; lastKnownFileType = sourcecode.swift; path = MainViewBuilder.swift; sourceTree = "<group>"; };
		1E35B2AD2751023400039C97 /* ImageCacheManager.swift */ = {isa = PBXFileReference; fileEncoding = 4; lastKnownFileType = sourcecode.swift; path = ImageCacheManager.swift; sourceTree = "<group>"; };
		1E3CBE15275A3AD100656585 /* NetworkManager+Protocol.swift */ = {isa = PBXFileReference; lastKnownFileType = sourcecode.swift; path = "NetworkManager+Protocol.swift"; sourceTree = "<group>"; };
		1E3CBE18275A428200656585 /* APIServiceProvider+Protocol.swift */ = {isa = PBXFileReference; lastKnownFileType = sourcecode.swift; path = "APIServiceProvider+Protocol.swift"; sourceTree = "<group>"; };
		1E3CBE1E275A42E400656585 /* String+Extension.swift */ = {isa = PBXFileReference; lastKnownFileType = sourcecode.swift; path = "String+Extension.swift"; sourceTree = "<group>"; };
		1E3CBE20275A435300656585 /* NetworkError.swift */ = {isa = PBXFileReference; lastKnownFileType = sourcecode.swift; path = NetworkError.swift; sourceTree = "<group>"; };
		1E3CBE23275A43A300656585 /* HTTPMethod.swift */ = {isa = PBXFileReference; lastKnownFileType = sourcecode.swift; path = HTTPMethod.swift; sourceTree = "<group>"; };
		1E3CBE25275A43CF00656585 /* HTTPHeaders.swift */ = {isa = PBXFileReference; lastKnownFileType = sourcecode.swift; path = HTTPHeaders.swift; sourceTree = "<group>"; };
		1E3CBE27275A43E900656585 /* HTTPHeader.swift */ = {isa = PBXFileReference; lastKnownFileType = sourcecode.swift; path = HTTPHeader.swift; sourceTree = "<group>"; };
		1E3CBE29275A440B00656585 /* HTTPHeaderFields.swift */ = {isa = PBXFileReference; lastKnownFileType = sourcecode.swift; path = HTTPHeaderFields.swift; sourceTree = "<group>"; };
		1E3CBE2C275A444500656585 /* ParameterEncoding+Protocol.swift */ = {isa = PBXFileReference; lastKnownFileType = sourcecode.swift; path = "ParameterEncoding+Protocol.swift"; sourceTree = "<group>"; };
		1E3CBE2E275A446400656585 /* URLParameterEncoder.swift */ = {isa = PBXFileReference; lastKnownFileType = sourcecode.swift; path = URLParameterEncoder.swift; sourceTree = "<group>"; };
		1E3CBE32275A452300656585 /* JSONParameterEncoder.swift */ = {isa = PBXFileReference; lastKnownFileType = sourcecode.swift; path = JSONParameterEncoder.swift; sourceTree = "<group>"; };
		1E3CBE34275A455700656585 /* URLRequest+Extension.swift */ = {isa = PBXFileReference; lastKnownFileType = sourcecode.swift; path = "URLRequest+Extension.swift"; sourceTree = "<group>"; };
		1E3CBE36275A457800656585 /* Codable+Extension.swift */ = {isa = PBXFileReference; lastKnownFileType = sourcecode.swift; path = "Codable+Extension.swift"; sourceTree = "<group>"; };
		1E3CBE38275B6E0100656585 /* EndpointHelper.swift */ = {isa = PBXFileReference; lastKnownFileType = sourcecode.swift; path = EndpointHelper.swift; sourceTree = "<group>"; };
		1E3CBE3A275B804F00656585 /* PopularMovieListDataRequest.swift */ = {isa = PBXFileReference; lastKnownFileType = sourcecode.swift; path = PopularMovieListDataRequest.swift; sourceTree = "<group>"; };
		1E3CBE3C275B809600656585 /* MovieListDataResponse.swift */ = {isa = PBXFileReference; lastKnownFileType = sourcecode.swift; path = MovieListDataResponse.swift; sourceTree = "<group>"; };
		1E3CBE3F275BC55800656585 /* PopularMovieListProvider.swift */ = {isa = PBXFileReference; lastKnownFileType = sourcecode.swift; path = PopularMovieListProvider.swift; sourceTree = "<group>"; };
		1E3CBE42275BC5CB00656585 /* Typealiases.swift */ = {isa = PBXFileReference; lastKnownFileType = sourcecode.swift; path = Typealiases.swift; sourceTree = "<group>"; };
		1E3CBE45275BC6F000656585 /* ServerResponse.swift */ = {isa = PBXFileReference; lastKnownFileType = sourcecode.swift; path = ServerResponse.swift; sourceTree = "<group>"; };
		1E3CBE47275BC70500656585 /* ErrorResponse.swift */ = {isa = PBXFileReference; lastKnownFileType = sourcecode.swift; path = ErrorResponse.swift; sourceTree = "<group>"; };
		1E3CBE49275BC72200656585 /* ApiConnectionErrorType.swift */ = {isa = PBXFileReference; lastKnownFileType = sourcecode.swift; path = ApiConnectionErrorType.swift; sourceTree = "<group>"; };
		1E480F42275D291C00FD4D48 /* MovieDetailVC.swift */ = {isa = PBXFileReference; lastKnownFileType = sourcecode.swift; path = MovieDetailVC.swift; sourceTree = "<group>"; };
		1E480F44275D292400FD4D48 /* MovieDetailViewBuilder.swift */ = {isa = PBXFileReference; lastKnownFileType = sourcecode.swift; path = MovieDetailViewBuilder.swift; sourceTree = "<group>"; };
		1E480F46275D292B00FD4D48 /* MovieDetailViewModel.swift */ = {isa = PBXFileReference; lastKnownFileType = sourcecode.swift; path = MovieDetailViewModel.swift; sourceTree = "<group>"; };
		1E480F49275D2D6100FD4D48 /* MovieDetailDataRequest.swift */ = {isa = PBXFileReference; lastKnownFileType = sourcecode.swift; path = MovieDetailDataRequest.swift; sourceTree = "<group>"; };
		1E480F4B275D3DA100FD4D48 /* MovieDetailDataFormatter+Protocol.swift */ = {isa = PBXFileReference; lastKnownFileType = sourcecode.swift; path = "MovieDetailDataFormatter+Protocol.swift"; sourceTree = "<group>"; };
		1E480F4D275D519F00FD4D48 /* MovieDetailDataProvider.swift */ = {isa = PBXFileReference; lastKnownFileType = sourcecode.swift; path = MovieDetailDataProvider.swift; sourceTree = "<group>"; };
		1E480F4F275D565600FD4D48 /* UIView+Extensions.swift */ = {isa = PBXFileReference; lastKnownFileType = sourcecode.swift; path = "UIView+Extensions.swift"; sourceTree = "<group>"; };
		1E5702B62769300B00E8CCB4 /* MainTabBarController.swift */ = {isa = PBXFileReference; lastKnownFileType = sourcecode.swift; path = MainTabBarController.swift; sourceTree = "<group>"; };
		1E5702B82769301B00E8CCB4 /* MainTabBarBuilder.swift */ = {isa = PBXFileReference; lastKnownFileType = sourcecode.swift; path = MainTabBarBuilder.swift; sourceTree = "<group>"; };
		1E5702BA276930DB00E8CCB4 /* AppTheme.swift */ = {isa = PBXFileReference; lastKnownFileType = sourcecode.swift; path = AppTheme.swift; sourceTree = "<group>"; };
		1E5702BD276931AF00E8CCB4 /* SearchViewModel.swift */ = {isa = PBXFileReference; lastKnownFileType = sourcecode.swift; path = SearchViewModel.swift; sourceTree = "<group>"; };
		1E5702BF276931C400E8CCB4 /* SearchVC.swift */ = {isa = PBXFileReference; lastKnownFileType = sourcecode.swift; path = SearchVC.swift; sourceTree = "<group>"; };
		1E5702C12769320300E8CCB4 /* SearchViewBuilder.swift */ = {isa = PBXFileReference; lastKnownFileType = sourcecode.swift; path = SearchViewBuilder.swift; sourceTree = "<group>"; };
		1E72AD1F27722D8800827849 /* SearchMovieDataRequest.swift */ = {isa = PBXFileReference; lastKnownFileType = sourcecode.swift; path = SearchMovieDataRequest.swift; sourceTree = "<group>"; };
		1E72AD212772309700827849 /* SearchMovieListProvider.swift */ = {isa = PBXFileReference; lastKnownFileType = sourcecode.swift; path = SearchMovieListProvider.swift; sourceTree = "<group>"; };
		1E9C30FE275102E300525DB9 /* TopCollectionView.swift */ = {isa = PBXFileReference; lastKnownFileType = sourcecode.swift; path = TopCollectionView.swift; sourceTree = "<group>"; };
		1E9C31022751032900525DB9 /* CustomImageViewComponentContainer.swift */ = {isa = PBXFileReference; fileEncoding = 4; lastKnownFileType = sourcecode.swift; path = CustomImageViewComponentContainer.swift; sourceTree = "<group>"; };
		1E9C31032751032900525DB9 /* CustomImageViewComponentData.swift */ = {isa = PBXFileReference; fileEncoding = 4; lastKnownFileType = sourcecode.swift; path = CustomImageViewComponentData.swift; sourceTree = "<group>"; };
		1E9C31042751032900525DB9 /* CustomImageViewComponent.swift */ = {isa = PBXFileReference; fileEncoding = 4; lastKnownFileType = sourcecode.swift; path = CustomImageViewComponent.swift; sourceTree = "<group>"; };
		1E9C31052751032900525DB9 /* CustomImageLoadingType.swift */ = {isa = PBXFileReference; fileEncoding = 4; lastKnownFileType = sourcecode.swift; path = CustomImageLoadingType.swift; sourceTree = "<group>"; };
		1E9C310A2751037F00525DB9 /* TopCollectionViewData.swift */ = {isa = PBXFileReference; lastKnownFileType = sourcecode.swift; path = TopCollectionViewData.swift; sourceTree = "<group>"; };
		1E9C310C275105AF00525DB9 /* TopCollectionViewCell.swift */ = {isa = PBXFileReference; lastKnownFileType = sourcecode.swift; path = TopCollectionViewCell.swift; sourceTree = "<group>"; };
		1E9C310E2751069400525DB9 /* ItemProviderProtocol.swift */ = {isa = PBXFileReference; lastKnownFileType = sourcecode.swift; path = ItemProviderProtocol.swift; sourceTree = "<group>"; };
		1E9C31112751074600525DB9 /* MainVM+ItemProviderProtocol.swift */ = {isa = PBXFileReference; lastKnownFileType = sourcecode.swift; path = "MainVM+ItemProviderProtocol.swift"; sourceTree = "<group>"; };
		1E9C31132751270800525DB9 /* MainViewDataFormatter+Protocol.swift */ = {isa = PBXFileReference; lastKnownFileType = sourcecode.swift; path = "MainViewDataFormatter+Protocol.swift"; sourceTree = "<group>"; };
		1E9D147A2767E16F002112DD /* MovieListViewState.swift */ = {isa = PBXFileReference; lastKnownFileType = sourcecode.swift; path = MovieListViewState.swift; sourceTree = "<group>"; };
		1EA1B453276FB593003F1AE4 /* SearchViewModel+SearchBar.swift */ = {isa = PBXFileReference; lastKnownFileType = sourcecode.swift; path = "SearchViewModel+SearchBar.swift"; sourceTree = "<group>"; };
		1EA1B455276FBEF8003F1AE4 /* SearchView.swift */ = {isa = PBXFileReference; lastKnownFileType = sourcecode.swift; path = SearchView.swift; sourceTree = "<group>"; };
		1EA1B457276FBF3E003F1AE4 /* SearchViewData.swift */ = {isa = PBXFileReference; lastKnownFileType = sourcecode.swift; path = SearchViewData.swift; sourceTree = "<group>"; };
		1EA1B459276FC173003F1AE4 /* SearchTableViewCell.swift */ = {isa = PBXFileReference; lastKnownFileType = sourcecode.swift; path = SearchTableViewCell.swift; sourceTree = "<group>"; };
		1EA1B45B276FC25C003F1AE4 /* SearchViewModel+ItemProviderProtocol.swift */ = {isa = PBXFileReference; lastKnownFileType = sourcecode.swift; path = "SearchViewModel+ItemProviderProtocol.swift"; sourceTree = "<group>"; };
		1EA1B45D276FC38E003F1AE4 /* SearchDataFormatter+Protocol.swift */ = {isa = PBXFileReference; lastKnownFileType = sourcecode.swift; path = "SearchDataFormatter+Protocol.swift"; sourceTree = "<group>"; };
		1EA1B45F276FC49A003F1AE4 /* SearchViewState.swift */ = {isa = PBXFileReference; lastKnownFileType = sourcecode.swift; path = SearchViewState.swift; sourceTree = "<group>"; };
		1EA6ABB92767EFC500E30A27 /* PaginationInfo.swift */ = {isa = PBXFileReference; lastKnownFileType = sourcecode.swift; path = PaginationInfo.swift; sourceTree = "<group>"; };
		1EA6ABBB2767F01000E30A27 /* LoadingCellView.swift */ = {isa = PBXFileReference; lastKnownFileType = sourcecode.swift; path = LoadingCellView.swift; sourceTree = "<group>"; };
		1EC301B7275E8484008C4EB6 /* MovieDetailDataResponse.swift */ = {isa = PBXFileReference; lastKnownFileType = sourcecode.swift; path = MovieDetailDataResponse.swift; sourceTree = "<group>"; };
		1EC301BA275E8F6D008C4EB6 /* MovieDetailView.swift */ = {isa = PBXFileReference; lastKnownFileType = sourcecode.swift; path = MovieDetailView.swift; sourceTree = "<group>"; };
		1EC301BC275E8FA3008C4EB6 /* MovieDetailViewData.swift */ = {isa = PBXFileReference; lastKnownFileType = sourcecode.swift; path = MovieDetailViewData.swift; sourceTree = "<group>"; };
		1EC301C0275E9140008C4EB6 /* MovieDetailTableViewCell.swift */ = {isa = PBXFileReference; lastKnownFileType = sourcecode.swift; path = MovieDetailTableViewCell.swift; sourceTree = "<group>"; };
		1EC301C2275E9CC4008C4EB6 /* DetailView.swift */ = {isa = PBXFileReference; lastKnownFileType = sourcecode.swift; path = DetailView.swift; sourceTree = "<group>"; };
		1EC301C4275E9CE2008C4EB6 /* DetailViewData.swift */ = {isa = PBXFileReference; lastKnownFileType = sourcecode.swift; path = DetailViewData.swift; sourceTree = "<group>"; };
		1EC301C6275E9D43008C4EB6 /* MainFont.swift */ = {isa = PBXFileReference; lastKnownFileType = sourcecode.swift; path = MainFont.swift; sourceTree = "<group>"; };
		1EC301C8275EA14A008C4EB6 /* MovieDetailViewState.swift */ = {isa = PBXFileReference; lastKnownFileType = sourcecode.swift; path = MovieDetailViewState.swift; sourceTree = "<group>"; };
		1EC301CB275EA2BA008C4EB6 /* MovieDetailVM+ItemProviderProtocol.swift */ = {isa = PBXFileReference; lastKnownFileType = sourcecode.swift; path = "MovieDetailVM+ItemProviderProtocol.swift"; sourceTree = "<group>"; };
		1EE5B72E2769EBD800A54EA8 /* TabBarImages.swift */ = {isa = PBXFileReference; lastKnownFileType = sourcecode.swift; path = TabBarImages.swift; sourceTree = "<group>"; };
/* End PBXFileReference section */

/* Begin PBXFrameworksBuildPhase section */
		1E35B2872750FBA200039C97 /* Frameworks */ = {
			isa = PBXFrameworksBuildPhase;
			buildActionMask = 2147483647;
			files = (
				1E5702B427692F8800E8CCB4 /* BaseModules in Frameworks */,
			);
			runOnlyForDeploymentPostprocessing = 0;
		};
/* End PBXFrameworksBuildPhase section */

/* Begin PBXGroup section */
		1E35B2812750FBA200039C97 = {
			isa = PBXGroup;
			children = (
				1E35B28C2750FBA200039C97 /* MovieDiary */,
				1E35B28B2750FBA200039C97 /* Products */,
			);
			sourceTree = "<group>";
		};
		1E35B28B2750FBA200039C97 /* Products */ = {
			isa = PBXGroup;
			children = (
				1E35B28A2750FBA200039C97 /* MovieDiary.app */,
			);
			name = Products;
			sourceTree = "<group>";
		};
		1E35B28C2750FBA200039C97 /* MovieDiary */ = {
			isa = PBXGroup;
			children = (
				1E3CBE41275BC5C400656585 /* Utils */,
				1E3CBE12275A325E00656585 /* Network */,
				1E35B2AF2751023A00039C97 /* ViewComponents */,
				1E35B2AC2751022A00039C97 /* Managers */,
				1E35B2A12750FBDC00039C97 /* Scenes */,
				1E35B28D2750FBA200039C97 /* AppDelegate.swift */,
				1E35B2962750FBA300039C97 /* Assets.xcassets */,
				1E35B2982750FBA300039C97 /* LaunchScreen.storyboard */,
				1E35B29B2750FBA300039C97 /* Info.plist */,
			);
			path = MovieDiary;
			sourceTree = "<group>";
		};
		1E35B2A12750FBDC00039C97 /* Scenes */ = {
			isa = PBXGroup;
			children = (
				1E5702BC276931A300E8CCB4 /* SearchScreen */,
				1E5702B527692FF900E8CCB4 /* MainTabBar */,
				1E480F41275D28FC00FD4D48 /* MovieDetail */,
				1E35B2A22750FBDF00039C97 /* Main */,
			);
			path = Scenes;
			sourceTree = "<group>";
		};
		1E35B2A22750FBDF00039C97 /* Main */ = {
			isa = PBXGroup;
			children = (
				1E9C31102751072A00525DB9 /* Extensions */,
				1E35B2A32750FBE500039C97 /* MainViewModel.swift */,
				1E35B2A82750FC1000039C97 /* MainVC.swift */,
				1E35B2AA2750FC3100039C97 /* MainViewBuilder.swift */,
				1E9C31132751270800525DB9 /* MainViewDataFormatter+Protocol.swift */,
				1E9D147A2767E16F002112DD /* MovieListViewState.swift */,
			);
			path = Main;
			sourceTree = "<group>";
		};
		1E35B2AC2751022A00039C97 /* Managers */ = {
			isa = PBXGroup;
			children = (
				1E35B2AD2751023400039C97 /* ImageCacheManager.swift */,
				1EC301C6275E9D43008C4EB6 /* MainFont.swift */,
			);
			path = Managers;
			sourceTree = "<group>";
		};
		1E35B2AF2751023A00039C97 /* ViewComponents */ = {
			isa = PBXGroup;
			children = (
				1EE5B730276A2BED00A54EA8 /* SearchScreenViewComponents */,
				1EC301B9275E8DD8008C4EB6 /* MovieDetailViewComponents */,
				1E9C31012751030D00525DB9 /* CustomImageViewComponents */,
				1E35B2B02751029700039C97 /* TopCollectionViewComponents */,
			);
			path = ViewComponents;
			sourceTree = "<group>";
		};
		1E35B2B02751029700039C97 /* TopCollectionViewComponents */ = {
			isa = PBXGroup;
			children = (
				1E9C30FE275102E300525DB9 /* TopCollectionView.swift */,
				1E9C310A2751037F00525DB9 /* TopCollectionViewData.swift */,
				1E9C310C275105AF00525DB9 /* TopCollectionViewCell.swift */,
				1E9C310E2751069400525DB9 /* ItemProviderProtocol.swift */,
				1EA6ABBB2767F01000E30A27 /* LoadingCellView.swift */,
			);
			path = TopCollectionViewComponents;
			sourceTree = "<group>";
		};
		1E3CBE12275A325E00656585 /* Network */ = {
			isa = PBXGroup;
			children = (
				1E3CBE44275BC6DF00656585 /* ErrorHandlers */,
				1E3CBE3E275BC54300656585 /* DataProviders */,
				1E3CBE1D275A42D300656585 /* Extensions */,
				1E3CBE17275A423300656585 /* Modules */,
				1E3CBE14275A3AC000656585 /* Managers */,
				1E3CBE13275A347700656585 /* Models */,
			);
			path = Network;
			sourceTree = "<group>";
		};
		1E3CBE13275A347700656585 /* Models */ = {
			isa = PBXGroup;
			children = (
				1E3CBE38275B6E0100656585 /* EndpointHelper.swift */,
				1E3CBE3A275B804F00656585 /* PopularMovieListDataRequest.swift */,
				1E3CBE3C275B809600656585 /* MovieListDataResponse.swift */,
				1E480F49275D2D6100FD4D48 /* MovieDetailDataRequest.swift */,
				1EC301B7275E8484008C4EB6 /* MovieDetailDataResponse.swift */,
				1EA6ABB92767EFC500E30A27 /* PaginationInfo.swift */,
				1E72AD1F27722D8800827849 /* SearchMovieDataRequest.swift */,
			);
			path = Models;
			sourceTree = "<group>";
		};
		1E3CBE14275A3AC000656585 /* Managers */ = {
			isa = PBXGroup;
			children = (
				1E3CBE15275A3AD100656585 /* NetworkManager+Protocol.swift */,
				1E3CBE18275A428200656585 /* APIServiceProvider+Protocol.swift */,
			);
			path = Managers;
			sourceTree = "<group>";
		};
		1E3CBE17275A423300656585 /* Modules */ = {
			isa = PBXGroup;
			children = (
				1E3CBE2B275A441F00656585 /* EncodingModules */,
				1E3CBE22275A439800656585 /* HTTPModules */,
			);
			path = Modules;
			sourceTree = "<group>";
		};
		1E3CBE1D275A42D300656585 /* Extensions */ = {
			isa = PBXGroup;
			children = (
				1E3CBE1E275A42E400656585 /* String+Extension.swift */,
				1E3CBE34275A455700656585 /* URLRequest+Extension.swift */,
				1E3CBE36275A457800656585 /* Codable+Extension.swift */,
			);
			path = Extensions;
			sourceTree = "<group>";
		};
		1E3CBE22275A439800656585 /* HTTPModules */ = {
			isa = PBXGroup;
			children = (
				1E3CBE23275A43A300656585 /* HTTPMethod.swift */,
				1E3CBE25275A43CF00656585 /* HTTPHeaders.swift */,
				1E3CBE27275A43E900656585 /* HTTPHeader.swift */,
				1E3CBE29275A440B00656585 /* HTTPHeaderFields.swift */,
			);
			path = HTTPModules;
			sourceTree = "<group>";
		};
		1E3CBE2B275A441F00656585 /* EncodingModules */ = {
			isa = PBXGroup;
			children = (
				1E3CBE20275A435300656585 /* NetworkError.swift */,
				1E3CBE2C275A444500656585 /* ParameterEncoding+Protocol.swift */,
				1E3CBE2E275A446400656585 /* URLParameterEncoder.swift */,
				1E3CBE32275A452300656585 /* JSONParameterEncoder.swift */,
			);
			path = EncodingModules;
			sourceTree = "<group>";
		};
		1E3CBE3E275BC54300656585 /* DataProviders */ = {
			isa = PBXGroup;
			children = (
				1E3CBE3F275BC55800656585 /* PopularMovieListProvider.swift */,
				1E480F4D275D519F00FD4D48 /* MovieDetailDataProvider.swift */,
				1E72AD212772309700827849 /* SearchMovieListProvider.swift */,
			);
			path = DataProviders;
			sourceTree = "<group>";
		};
		1E3CBE41275BC5C400656585 /* Utils */ = {
			isa = PBXGroup;
			children = (
				1E3CBE42275BC5CB00656585 /* Typealiases.swift */,
				1E480F4F275D565600FD4D48 /* UIView+Extensions.swift */,
				1E5702BA276930DB00E8CCB4 /* AppTheme.swift */,
				1EE5B72E2769EBD800A54EA8 /* TabBarImages.swift */,
			);
			path = Utils;
			sourceTree = "<group>";
		};
		1E3CBE44275BC6DF00656585 /* ErrorHandlers */ = {
			isa = PBXGroup;
			children = (
				1E3CBE45275BC6F000656585 /* ServerResponse.swift */,
				1E3CBE47275BC70500656585 /* ErrorResponse.swift */,
				1E3CBE49275BC72200656585 /* ApiConnectionErrorType.swift */,
			);
			path = ErrorHandlers;
			sourceTree = "<group>";
		};
		1E480F41275D28FC00FD4D48 /* MovieDetail */ = {
			isa = PBXGroup;
			children = (
				1EC301CA275EA290008C4EB6 /* Extensions */,
				1E480F46275D292B00FD4D48 /* MovieDetailViewModel.swift */,
				1E480F42275D291C00FD4D48 /* MovieDetailVC.swift */,
				1E480F44275D292400FD4D48 /* MovieDetailViewBuilder.swift */,
				1E480F4B275D3DA100FD4D48 /* MovieDetailDataFormatter+Protocol.swift */,
				1EC301C8275EA14A008C4EB6 /* MovieDetailViewState.swift */,
			);
			path = MovieDetail;
			sourceTree = "<group>";
		};
		1E5702B527692FF900E8CCB4 /* MainTabBar */ = {
			isa = PBXGroup;
			children = (
				1E5702B62769300B00E8CCB4 /* MainTabBarController.swift */,
				1E5702B82769301B00E8CCB4 /* MainTabBarBuilder.swift */,
			);
			path = MainTabBar;
			sourceTree = "<group>";
		};
		1E5702BC276931A300E8CCB4 /* SearchScreen */ = {
			isa = PBXGroup;
			children = (
				1EA1B452276FB582003F1AE4 /* Extensions */,
				1E5702BD276931AF00E8CCB4 /* SearchViewModel.swift */,
				1E5702BF276931C400E8CCB4 /* SearchVC.swift */,
				1E5702C12769320300E8CCB4 /* SearchViewBuilder.swift */,
				1EA1B45D276FC38E003F1AE4 /* SearchDataFormatter+Protocol.swift */,
				1EA1B45F276FC49A003F1AE4 /* SearchViewState.swift */,
			);
			path = SearchScreen;
			sourceTree = "<group>";
		};
		1E9C31012751030D00525DB9 /* CustomImageViewComponents */ = {
			isa = PBXGroup;
			children = (
				1E9C31052751032900525DB9 /* CustomImageLoadingType.swift */,
				1E9C31042751032900525DB9 /* CustomImageViewComponent.swift */,
				1E9C31022751032900525DB9 /* CustomImageViewComponentContainer.swift */,
				1E9C31032751032900525DB9 /* CustomImageViewComponentData.swift */,
			);
			path = CustomImageViewComponents;
			sourceTree = "<group>";
		};
		1E9C31102751072A00525DB9 /* Extensions */ = {
			isa = PBXGroup;
			children = (
				1E9C31112751074600525DB9 /* MainVM+ItemProviderProtocol.swift */,
			);
			path = Extensions;
			sourceTree = "<group>";
		};
		1EA1B452276FB582003F1AE4 /* Extensions */ = {
			isa = PBXGroup;
			children = (
				1EA1B453276FB593003F1AE4 /* SearchViewModel+SearchBar.swift */,
				1EA1B45B276FC25C003F1AE4 /* SearchViewModel+ItemProviderProtocol.swift */,
			);
			path = Extensions;
			sourceTree = "<group>";
		};
		1EC301B9275E8DD8008C4EB6 /* MovieDetailViewComponents */ = {
			isa = PBXGroup;
			children = (
				1EC301BA275E8F6D008C4EB6 /* MovieDetailView.swift */,
				1EC301BC275E8FA3008C4EB6 /* MovieDetailViewData.swift */,
				1EC301C0275E9140008C4EB6 /* MovieDetailTableViewCell.swift */,
				1EC301C2275E9CC4008C4EB6 /* DetailView.swift */,
				1EC301C4275E9CE2008C4EB6 /* DetailViewData.swift */,
			);
			path = MovieDetailViewComponents;
			sourceTree = "<group>";
		};
		1EC301CA275EA290008C4EB6 /* Extensions */ = {
			isa = PBXGroup;
			children = (
				1EC301CB275EA2BA008C4EB6 /* MovieDetailVM+ItemProviderProtocol.swift */,
			);
			path = Extensions;
			sourceTree = "<group>";
		};
		1EE5B730276A2BED00A54EA8 /* SearchScreenViewComponents */ = {
			isa = PBXGroup;
			children = (
				1EA1B455276FBEF8003F1AE4 /* SearchView.swift */,
				1EA1B457276FBF3E003F1AE4 /* SearchViewData.swift */,
				1EA1B459276FC173003F1AE4 /* SearchTableViewCell.swift */,
			);
			path = SearchScreenViewComponents;
			sourceTree = "<group>";
		};
/* End PBXGroup section */

/* Begin PBXNativeTarget section */
		1E35B2892750FBA200039C97 /* MovieDiary */ = {
			isa = PBXNativeTarget;
			buildConfigurationList = 1E35B29E2750FBA300039C97 /* Build configuration list for PBXNativeTarget "MovieDiary" */;
			buildPhases = (
				1E35B2862750FBA200039C97 /* Sources */,
				1E35B2872750FBA200039C97 /* Frameworks */,
				1E35B2882750FBA200039C97 /* Resources */,
				1E2E5B1627629CBD0043554E /* ShellScript */,
			);
			buildRules = (
			);
			dependencies = (
			);
			name = MovieDiary;
			packageProductDependencies = (
				1E5702B327692F8800E8CCB4 /* BaseModules */,
			);
			productName = MovieDiary;
			productReference = 1E35B28A2750FBA200039C97 /* MovieDiary.app */;
			productType = "com.apple.product-type.application";
		};
/* End PBXNativeTarget section */

/* Begin PBXProject section */
		1E35B2822750FBA200039C97 /* Project object */ = {
			isa = PBXProject;
			attributes = {
				BuildIndependentTargetsInParallel = 1;
				LastSwiftUpdateCheck = 1310;
				LastUpgradeCheck = 1310;
				TargetAttributes = {
					1E35B2892750FBA200039C97 = {
						CreatedOnToolsVersion = 13.1;
					};
				};
			};
			buildConfigurationList = 1E35B2852750FBA200039C97 /* Build configuration list for PBXProject "MovieDiary" */;
			compatibilityVersion = "Xcode 13.0";
			developmentRegion = en;
			hasScannedForEncodings = 0;
			knownRegions = (
				en,
				Base,
			);
			mainGroup = 1E35B2812750FBA200039C97;
			packageReferences = (
				1E5702B227692F8800E8CCB4 /* XCRemoteSwiftPackageReference "BaseModules" */,
			);
			productRefGroup = 1E35B28B2750FBA200039C97 /* Products */;
			projectDirPath = "";
			projectRoot = "";
			targets = (
				1E35B2892750FBA200039C97 /* MovieDiary */,
			);
		};
/* End PBXProject section */

/* Begin PBXResourcesBuildPhase section */
		1E35B2882750FBA200039C97 /* Resources */ = {
			isa = PBXResourcesBuildPhase;
			buildActionMask = 2147483647;
			files = (
				1E35B29A2750FBA300039C97 /* LaunchScreen.storyboard in Resources */,
				1E35B2972750FBA300039C97 /* Assets.xcassets in Resources */,
			);
			runOnlyForDeploymentPostprocessing = 0;
		};
/* End PBXResourcesBuildPhase section */

/* Begin PBXShellScriptBuildPhase section */
		1E2E5B1627629CBD0043554E /* ShellScript */ = {
			isa = PBXShellScriptBuildPhase;
			buildActionMask = 2147483647;
			files = (
			);
			inputFileListPaths = (
			);
			inputPaths = (
			);
			outputFileListPaths = (
			);
			outputPaths = (
			);
			runOnlyForDeploymentPostprocessing = 0;
			shellPath = /bin/sh;
			shellScript = "if which swiftlint >/dev/null; then\nswiftlint\nelse\necho \"warning: SwiftLint nto installed, download from github.com/realm/swiftlint\"\nfi\n";
		};
/* End PBXShellScriptBuildPhase section */

/* Begin PBXSourcesBuildPhase section */
		1E35B2862750FBA200039C97 /* Sources */ = {
			isa = PBXSourcesBuildPhase;
			buildActionMask = 2147483647;
			files = (
				1EC301B8275E8484008C4EB6 /* MovieDetailDataResponse.swift in Sources */,
				1E3CBE37275A457800656585 /* Codable+Extension.swift in Sources */,
				1E9C310D275105AF00525DB9 /* TopCollectionViewCell.swift in Sources */,
				1E9C31122751074600525DB9 /* MainVM+ItemProviderProtocol.swift in Sources */,
				1E480F4E275D519F00FD4D48 /* MovieDetailDataProvider.swift in Sources */,
				1E3CBE40275BC55800656585 /* PopularMovieListProvider.swift in Sources */,
				1EA1B454276FB593003F1AE4 /* SearchViewModel+SearchBar.swift in Sources */,
				1E480F4C275D3DA100FD4D48 /* MovieDetailDataFormatter+Protocol.swift in Sources */,
				1E35B2A92750FC1000039C97 /* MainVC.swift in Sources */,
				1EA6ABBC2767F01000E30A27 /* LoadingCellView.swift in Sources */,
				1E480F4A275D2D6100FD4D48 /* MovieDetailDataRequest.swift in Sources */,
				1E5702B72769300B00E8CCB4 /* MainTabBarController.swift in Sources */,
				1EE5B72F2769EBD800A54EA8 /* TabBarImages.swift in Sources */,
				1E35B28E2750FBA200039C97 /* AppDelegate.swift in Sources */,
				1EC301C7275E9D43008C4EB6 /* MainFont.swift in Sources */,
				1EA1B45A276FC173003F1AE4 /* SearchTableViewCell.swift in Sources */,
				1E3CBE33275A452300656585 /* JSONParameterEncoder.swift in Sources */,
				1E480F50275D565600FD4D48 /* UIView+Extensions.swift in Sources */,
				1E3CBE46275BC6F000656585 /* ServerResponse.swift in Sources */,
				1EC301BD275E8FA3008C4EB6 /* MovieDetailViewData.swift in Sources */,
				1EC301C1275E9140008C4EB6 /* MovieDetailTableViewCell.swift in Sources */,
				1E3CBE3D275B809600656585 /* MovieListDataResponse.swift in Sources */,
				1EC301C5275E9CE2008C4EB6 /* DetailViewData.swift in Sources */,
				1E3CBE16275A3AD100656585 /* NetworkManager+Protocol.swift in Sources */,
				1E3CBE39275B6E0100656585 /* EndpointHelper.swift in Sources */,
				1E9C30FF275102E300525DB9 /* TopCollectionView.swift in Sources */,
				1E3CBE35275A455700656585 /* URLRequest+Extension.swift in Sources */,
				1E35B2AE2751023400039C97 /* ImageCacheManager.swift in Sources */,
				1EC301BB275E8F6D008C4EB6 /* MovieDetailView.swift in Sources */,
				1E9C31082751032900525DB9 /* CustomImageViewComponent.swift in Sources */,
				1EC301CC275EA2BA008C4EB6 /* MovieDetailVM+ItemProviderProtocol.swift in Sources */,
				1E3CBE28275A43E900656585 /* HTTPHeader.swift in Sources */,
				1E3CBE24275A43A300656585 /* HTTPMethod.swift in Sources */,
				1E480F45275D292400FD4D48 /* MovieDetailViewBuilder.swift in Sources */,
				1E3CBE3B275B804F00656585 /* PopularMovieListDataRequest.swift in Sources */,
				1E72AD222772309700827849 /* SearchMovieListProvider.swift in Sources */,
				1E5702C22769320300E8CCB4 /* SearchViewBuilder.swift in Sources */,
				1EA1B45E276FC38E003F1AE4 /* SearchDataFormatter+Protocol.swift in Sources */,
				1E3CBE26275A43CF00656585 /* HTTPHeaders.swift in Sources */,
				1E5702BB276930DB00E8CCB4 /* AppTheme.swift in Sources */,
				1E72AD2027722D8800827849 /* SearchMovieDataRequest.swift in Sources */,
				1E9C310B2751037F00525DB9 /* TopCollectionViewData.swift in Sources */,
				1E3CBE48275BC70500656585 /* ErrorResponse.swift in Sources */,
				1EA1B460276FC49A003F1AE4 /* SearchViewState.swift in Sources */,
				1EA1B458276FBF3E003F1AE4 /* SearchViewData.swift in Sources */,
				1E5702C0276931C400E8CCB4 /* SearchVC.swift in Sources */,
				1E5702B92769301B00E8CCB4 /* MainTabBarBuilder.swift in Sources */,
				1E3CBE4A275BC72200656585 /* ApiConnectionErrorType.swift in Sources */,
				1E9C31092751032900525DB9 /* CustomImageLoadingType.swift in Sources */,
				1E3CBE2F275A446400656585 /* URLParameterEncoder.swift in Sources */,
				1E3CBE1F275A42E400656585 /* String+Extension.swift in Sources */,
				1E9C31062751032900525DB9 /* CustomImageViewComponentContainer.swift in Sources */,
				1E35B2A42750FBE500039C97 /* MainViewModel.swift in Sources */,
				1E3CBE2A275A440B00656585 /* HTTPHeaderFields.swift in Sources */,
				1EC301C3275E9CC4008C4EB6 /* DetailView.swift in Sources */,
				1EA1B45C276FC25C003F1AE4 /* SearchViewModel+ItemProviderProtocol.swift in Sources */,
				1E3CBE19275A428200656585 /* APIServiceProvider+Protocol.swift in Sources */,
				1E3CBE2D275A444500656585 /* ParameterEncoding+Protocol.swift in Sources */,
				1E35B2AB2750FC3100039C97 /* MainViewBuilder.swift in Sources */,
				1EA1B456276FBEF8003F1AE4 /* SearchView.swift in Sources */,
				1EC301C9275EA14A008C4EB6 /* MovieDetailViewState.swift in Sources */,
				1E480F43275D291C00FD4D48 /* MovieDetailVC.swift in Sources */,
				1E9C31072751032900525DB9 /* CustomImageViewComponentData.swift in Sources */,
				1EA6ABBA2767EFC500E30A27 /* PaginationInfo.swift in Sources */,
				1E3CBE43275BC5CB00656585 /* Typealiases.swift in Sources */,
				1E480F47275D292B00FD4D48 /* MovieDetailViewModel.swift in Sources */,
				1E9C310F2751069400525DB9 /* ItemProviderProtocol.swift in Sources */,
				1E9C31142751270800525DB9 /* MainViewDataFormatter+Protocol.swift in Sources */,
				1E3CBE21275A435300656585 /* NetworkError.swift in Sources */,
				1E9D147B2767E16F002112DD /* MovieListViewState.swift in Sources */,
				1E5702BE276931AF00E8CCB4 /* SearchViewModel.swift in Sources */,
			);
			runOnlyForDeploymentPostprocessing = 0;
		};
/* End PBXSourcesBuildPhase section */

/* Begin PBXVariantGroup section */
		1E35B2982750FBA300039C97 /* LaunchScreen.storyboard */ = {
			isa = PBXVariantGroup;
			children = (
				1E35B2992750FBA300039C97 /* Base */,
			);
			name = LaunchScreen.storyboard;
			sourceTree = "<group>";
		};
/* End PBXVariantGroup section */

/* Begin XCBuildConfiguration section */
		1E35B29C2750FBA300039C97 /* Debug */ = {
			isa = XCBuildConfiguration;
			buildSettings = {
				ALWAYS_SEARCH_USER_PATHS = NO;
				CLANG_ANALYZER_NONNULL = YES;
				CLANG_ANALYZER_NUMBER_OBJECT_CONVERSION = YES_AGGRESSIVE;
				CLANG_CXX_LANGUAGE_STANDARD = "gnu++17";
				CLANG_CXX_LIBRARY = "libc++";
				CLANG_ENABLE_MODULES = YES;
				CLANG_ENABLE_OBJC_ARC = YES;
				CLANG_ENABLE_OBJC_WEAK = YES;
				CLANG_WARN_BLOCK_CAPTURE_AUTORELEASING = YES;
				CLANG_WARN_BOOL_CONVERSION = YES;
				CLANG_WARN_COMMA = YES;
				CLANG_WARN_CONSTANT_CONVERSION = YES;
				CLANG_WARN_DEPRECATED_OBJC_IMPLEMENTATIONS = YES;
				CLANG_WARN_DIRECT_OBJC_ISA_USAGE = YES_ERROR;
				CLANG_WARN_DOCUMENTATION_COMMENTS = YES;
				CLANG_WARN_EMPTY_BODY = YES;
				CLANG_WARN_ENUM_CONVERSION = YES;
				CLANG_WARN_INFINITE_RECURSION = YES;
				CLANG_WARN_INT_CONVERSION = YES;
				CLANG_WARN_NON_LITERAL_NULL_CONVERSION = YES;
				CLANG_WARN_OBJC_IMPLICIT_RETAIN_SELF = YES;
				CLANG_WARN_OBJC_LITERAL_CONVERSION = YES;
				CLANG_WARN_OBJC_ROOT_CLASS = YES_ERROR;
				CLANG_WARN_QUOTED_INCLUDE_IN_FRAMEWORK_HEADER = YES;
				CLANG_WARN_RANGE_LOOP_ANALYSIS = YES;
				CLANG_WARN_STRICT_PROTOTYPES = YES;
				CLANG_WARN_SUSPICIOUS_MOVE = YES;
				CLANG_WARN_UNGUARDED_AVAILABILITY = YES_AGGRESSIVE;
				CLANG_WARN_UNREACHABLE_CODE = YES;
				CLANG_WARN__DUPLICATE_METHOD_MATCH = YES;
				COPY_PHASE_STRIP = NO;
				DEBUG_INFORMATION_FORMAT = dwarf;
				ENABLE_STRICT_OBJC_MSGSEND = YES;
				ENABLE_TESTABILITY = YES;
				GCC_C_LANGUAGE_STANDARD = gnu11;
				GCC_DYNAMIC_NO_PIC = NO;
				GCC_NO_COMMON_BLOCKS = YES;
				GCC_OPTIMIZATION_LEVEL = 0;
				GCC_PREPROCESSOR_DEFINITIONS = (
					"DEBUG=1",
					"$(inherited)",
				);
				GCC_WARN_64_TO_32_BIT_CONVERSION = YES;
				GCC_WARN_ABOUT_RETURN_TYPE = YES_ERROR;
				GCC_WARN_UNDECLARED_SELECTOR = YES;
				GCC_WARN_UNINITIALIZED_AUTOS = YES_AGGRESSIVE;
				GCC_WARN_UNUSED_FUNCTION = YES;
				GCC_WARN_UNUSED_VARIABLE = YES;
				IPHONEOS_DEPLOYMENT_TARGET = 15.0;
				MTL_ENABLE_DEBUG_INFO = INCLUDE_SOURCE;
				MTL_FAST_MATH = YES;
				ONLY_ACTIVE_ARCH = YES;
				SDKROOT = iphoneos;
				SWIFT_ACTIVE_COMPILATION_CONDITIONS = DEBUG;
				SWIFT_OPTIMIZATION_LEVEL = "-Onone";
			};
			name = Debug;
		};
		1E35B29D2750FBA300039C97 /* Release */ = {
			isa = XCBuildConfiguration;
			buildSettings = {
				ALWAYS_SEARCH_USER_PATHS = NO;
				CLANG_ANALYZER_NONNULL = YES;
				CLANG_ANALYZER_NUMBER_OBJECT_CONVERSION = YES_AGGRESSIVE;
				CLANG_CXX_LANGUAGE_STANDARD = "gnu++17";
				CLANG_CXX_LIBRARY = "libc++";
				CLANG_ENABLE_MODULES = YES;
				CLANG_ENABLE_OBJC_ARC = YES;
				CLANG_ENABLE_OBJC_WEAK = YES;
				CLANG_WARN_BLOCK_CAPTURE_AUTORELEASING = YES;
				CLANG_WARN_BOOL_CONVERSION = YES;
				CLANG_WARN_COMMA = YES;
				CLANG_WARN_CONSTANT_CONVERSION = YES;
				CLANG_WARN_DEPRECATED_OBJC_IMPLEMENTATIONS = YES;
				CLANG_WARN_DIRECT_OBJC_ISA_USAGE = YES_ERROR;
				CLANG_WARN_DOCUMENTATION_COMMENTS = YES;
				CLANG_WARN_EMPTY_BODY = YES;
				CLANG_WARN_ENUM_CONVERSION = YES;
				CLANG_WARN_INFINITE_RECURSION = YES;
				CLANG_WARN_INT_CONVERSION = YES;
				CLANG_WARN_NON_LITERAL_NULL_CONVERSION = YES;
				CLANG_WARN_OBJC_IMPLICIT_RETAIN_SELF = YES;
				CLANG_WARN_OBJC_LITERAL_CONVERSION = YES;
				CLANG_WARN_OBJC_ROOT_CLASS = YES_ERROR;
				CLANG_WARN_QUOTED_INCLUDE_IN_FRAMEWORK_HEADER = YES;
				CLANG_WARN_RANGE_LOOP_ANALYSIS = YES;
				CLANG_WARN_STRICT_PROTOTYPES = YES;
				CLANG_WARN_SUSPICIOUS_MOVE = YES;
				CLANG_WARN_UNGUARDED_AVAILABILITY = YES_AGGRESSIVE;
				CLANG_WARN_UNREACHABLE_CODE = YES;
				CLANG_WARN__DUPLICATE_METHOD_MATCH = YES;
				COPY_PHASE_STRIP = NO;
				DEBUG_INFORMATION_FORMAT = "dwarf-with-dsym";
				ENABLE_NS_ASSERTIONS = NO;
				ENABLE_STRICT_OBJC_MSGSEND = YES;
				GCC_C_LANGUAGE_STANDARD = gnu11;
				GCC_NO_COMMON_BLOCKS = YES;
				GCC_WARN_64_TO_32_BIT_CONVERSION = YES;
				GCC_WARN_ABOUT_RETURN_TYPE = YES_ERROR;
				GCC_WARN_UNDECLARED_SELECTOR = YES;
				GCC_WARN_UNINITIALIZED_AUTOS = YES_AGGRESSIVE;
				GCC_WARN_UNUSED_FUNCTION = YES;
				GCC_WARN_UNUSED_VARIABLE = YES;
				IPHONEOS_DEPLOYMENT_TARGET = 15.0;
				MTL_ENABLE_DEBUG_INFO = NO;
				MTL_FAST_MATH = YES;
				SDKROOT = iphoneos;
				SWIFT_COMPILATION_MODE = wholemodule;
				SWIFT_OPTIMIZATION_LEVEL = "-O";
				VALIDATE_PRODUCT = YES;
			};
			name = Release;
		};
		1E35B29F2750FBA300039C97 /* Debug */ = {
			isa = XCBuildConfiguration;
			buildSettings = {
				ASSETCATALOG_COMPILER_APPICON_NAME = AppIcon;
				ASSETCATALOG_COMPILER_GLOBAL_ACCENT_COLOR_NAME = AccentColor;
				CODE_SIGN_STYLE = Automatic;
				CURRENT_PROJECT_VERSION = 1;
				DEVELOPMENT_TEAM = G746TBT9SB;
				GENERATE_INFOPLIST_FILE = YES;
				INFOPLIST_FILE = MovieDiary/Info.plist;
				INFOPLIST_KEY_UIApplicationSupportsIndirectInputEvents = YES;
				INFOPLIST_KEY_UILaunchStoryboardName = LaunchScreen;
				INFOPLIST_KEY_UISupportedInterfaceOrientations_iPad = "UIInterfaceOrientationPortrait UIInterfaceOrientationPortraitUpsideDown UIInterfaceOrientationLandscapeLeft UIInterfaceOrientationLandscapeRight";
				INFOPLIST_KEY_UISupportedInterfaceOrientations_iPhone = "UIInterfaceOrientationPortrait UIInterfaceOrientationLandscapeLeft UIInterfaceOrientationLandscapeRight";
				LD_RUNPATH_SEARCH_PATHS = (
					"$(inherited)",
					"@executable_path/Frameworks",
				);
				MARKETING_VERSION = 1.0;
				PRODUCT_BUNDLE_IDENTIFIER = com.canyoldas.MovieDiary;
				PRODUCT_NAME = "$(TARGET_NAME)";
				SWIFT_EMIT_LOC_STRINGS = YES;
				SWIFT_VERSION = 5.0;
				TARGETED_DEVICE_FAMILY = "1,2";
			};
			name = Debug;
		};
		1E35B2A02750FBA300039C97 /* Release */ = {
			isa = XCBuildConfiguration;
			buildSettings = {
				ASSETCATALOG_COMPILER_APPICON_NAME = AppIcon;
				ASSETCATALOG_COMPILER_GLOBAL_ACCENT_COLOR_NAME = AccentColor;
				CODE_SIGN_STYLE = Automatic;
				CURRENT_PROJECT_VERSION = 1;
				DEVELOPMENT_TEAM = G746TBT9SB;
				GENERATE_INFOPLIST_FILE = YES;
				INFOPLIST_FILE = MovieDiary/Info.plist;
				INFOPLIST_KEY_UIApplicationSupportsIndirectInputEvents = YES;
				INFOPLIST_KEY_UILaunchStoryboardName = LaunchScreen;
				INFOPLIST_KEY_UISupportedInterfaceOrientations_iPad = "UIInterfaceOrientationPortrait UIInterfaceOrientationPortraitUpsideDown UIInterfaceOrientationLandscapeLeft UIInterfaceOrientationLandscapeRight";
				INFOPLIST_KEY_UISupportedInterfaceOrientations_iPhone = "UIInterfaceOrientationPortrait UIInterfaceOrientationLandscapeLeft UIInterfaceOrientationLandscapeRight";
				LD_RUNPATH_SEARCH_PATHS = (
					"$(inherited)",
					"@executable_path/Frameworks",
				);
				MARKETING_VERSION = 1.0;
				PRODUCT_BUNDLE_IDENTIFIER = com.canyoldas.MovieDiary;
				PRODUCT_NAME = "$(TARGET_NAME)";
				SWIFT_EMIT_LOC_STRINGS = YES;
				SWIFT_VERSION = 5.0;
				TARGETED_DEVICE_FAMILY = "1,2";
			};
			name = Release;
		};
/* End XCBuildConfiguration section */

/* Begin XCConfigurationList section */
		1E35B2852750FBA200039C97 /* Build configuration list for PBXProject "MovieDiary" */ = {
			isa = XCConfigurationList;
			buildConfigurations = (
				1E35B29C2750FBA300039C97 /* Debug */,
				1E35B29D2750FBA300039C97 /* Release */,
			);
			defaultConfigurationIsVisible = 0;
			defaultConfigurationName = Release;
		};
		1E35B29E2750FBA300039C97 /* Build configuration list for PBXNativeTarget "MovieDiary" */ = {
			isa = XCConfigurationList;
			buildConfigurations = (
				1E35B29F2750FBA300039C97 /* Debug */,
				1E35B2A02750FBA300039C97 /* Release */,
			);
			defaultConfigurationIsVisible = 0;
			defaultConfigurationName = Release;
		};
/* End XCConfigurationList section */

/* Begin XCRemoteSwiftPackageReference section */
		1E5702B227692F8800E8CCB4 /* XCRemoteSwiftPackageReference "BaseModules" */ = {
			isa = XCRemoteSwiftPackageReference;
			repositoryURL = "https://github.com/canyoldas0/BaseModules.git";
			requirement = {
				branch = main;
				kind = branch;
			};
		};
/* End XCRemoteSwiftPackageReference section */

/* Begin XCSwiftPackageProductDependency section */
		1E5702B327692F8800E8CCB4 /* BaseModules */ = {
			isa = XCSwiftPackageProductDependency;
			package = 1E5702B227692F8800E8CCB4 /* XCRemoteSwiftPackageReference "BaseModules" */;
			productName = BaseModules;
		};
/* End XCSwiftPackageProductDependency section */
	};
	rootObject = 1E35B2822750FBA200039C97 /* Project object */;
}
