// !$*UTF8*$!
{
	archiveVersion = 1;
	classes = {
	};
	objectVersion = 55;
	objects = {

/* Begin PBXBuildFile section */
		1E35B28E2750FBA200039C97 /* AppDelegate.swift in Sources */ = {isa = PBXBuildFile; fileRef = 1E35B28D2750FBA200039C97 /* AppDelegate.swift */; };
		1E35B2972750FBA300039C97 /* Assets.xcassets in Resources */ = {isa = PBXBuildFile; fileRef = 1E35B2962750FBA300039C97 /* Assets.xcassets */; };
		1E35B29A2750FBA300039C97 /* LaunchScreen.storyboard in Resources */ = {isa = PBXBuildFile; fileRef = 1E35B2982750FBA300039C97 /* LaunchScreen.storyboard */; };
		1E35B2A42750FBE500039C97 /* MainViewModel.swift in Sources */ = {isa = PBXBuildFile; fileRef = 1E35B2A32750FBE500039C97 /* MainViewModel.swift */; };
		1E35B2A72750FC0300039C97 /* BaseModules in Frameworks */ = {isa = PBXBuildFile; productRef = 1E35B2A62750FC0300039C97 /* BaseModules */; };
		1E35B2A92750FC1000039C97 /* MainViewController.swift in Sources */ = {isa = PBXBuildFile; fileRef = 1E35B2A82750FC1000039C97 /* MainViewController.swift */; };
		1E35B2AB2750FC3100039C97 /* MainViewBuilder.swift in Sources */ = {isa = PBXBuildFile; fileRef = 1E35B2AA2750FC3100039C97 /* MainViewBuilder.swift */; };
		1E35B2AE2751023400039C97 /* ImageCacheManager.swift in Sources */ = {isa = PBXBuildFile; fileRef = 1E35B2AD2751023400039C97 /* ImageCacheManager.swift */; };
		1E9C30FF275102E300525DB9 /* TopCollectionView.swift in Sources */ = {isa = PBXBuildFile; fileRef = 1E9C30FE275102E300525DB9 /* TopCollectionView.swift */; };
		1E9C31062751032900525DB9 /* CustomImageViewComponentContainer.swift in Sources */ = {isa = PBXBuildFile; fileRef = 1E9C31022751032900525DB9 /* CustomImageViewComponentContainer.swift */; };
		1E9C31072751032900525DB9 /* CustomImageViewComponentData.swift in Sources */ = {isa = PBXBuildFile; fileRef = 1E9C31032751032900525DB9 /* CustomImageViewComponentData.swift */; };
		1E9C31082751032900525DB9 /* CustomImageViewComponent.swift in Sources */ = {isa = PBXBuildFile; fileRef = 1E9C31042751032900525DB9 /* CustomImageViewComponent.swift */; };
		1E9C31092751032900525DB9 /* CustomImageLoadingType.swift in Sources */ = {isa = PBXBuildFile; fileRef = 1E9C31052751032900525DB9 /* CustomImageLoadingType.swift */; };
		1E9C310B2751037F00525DB9 /* TopCollectionViewData.swift in Sources */ = {isa = PBXBuildFile; fileRef = 1E9C310A2751037F00525DB9 /* TopCollectionViewData.swift */; };
		1E9C310D275105AF00525DB9 /* TopCollectionViewCell.swift in Sources */ = {isa = PBXBuildFile; fileRef = 1E9C310C275105AF00525DB9 /* TopCollectionViewCell.swift */; };
		1E9C310F2751069400525DB9 /* ItemProviderProtocol.swift in Sources */ = {isa = PBXBuildFile; fileRef = 1E9C310E2751069400525DB9 /* ItemProviderProtocol.swift */; };
		1E9C31122751074600525DB9 /* MainVM+ItemProviderProtocol.swift in Sources */ = {isa = PBXBuildFile; fileRef = 1E9C31112751074600525DB9 /* MainVM+ItemProviderProtocol.swift */; };
		1E9C31142751270800525DB9 /* MainViewDataFormatter+Extension.swift in Sources */ = {isa = PBXBuildFile; fileRef = 1E9C31132751270800525DB9 /* MainViewDataFormatter+Extension.swift */; };
/* End PBXBuildFile section */

/* Begin PBXFileReference section */
		1E35B28A2750FBA200039C97 /* MovieDiary.app */ = {isa = PBXFileReference; explicitFileType = wrapper.application; includeInIndex = 0; path = MovieDiary.app; sourceTree = BUILT_PRODUCTS_DIR; };
		1E35B28D2750FBA200039C97 /* AppDelegate.swift */ = {isa = PBXFileReference; lastKnownFileType = sourcecode.swift; path = AppDelegate.swift; sourceTree = "<group>"; };
		1E35B2962750FBA300039C97 /* Assets.xcassets */ = {isa = PBXFileReference; lastKnownFileType = folder.assetcatalog; path = Assets.xcassets; sourceTree = "<group>"; };
		1E35B2992750FBA300039C97 /* Base */ = {isa = PBXFileReference; lastKnownFileType = file.storyboard; name = Base; path = Base.lproj/LaunchScreen.storyboard; sourceTree = "<group>"; };
		1E35B29B2750FBA300039C97 /* Info.plist */ = {isa = PBXFileReference; lastKnownFileType = text.plist.xml; path = Info.plist; sourceTree = "<group>"; };
		1E35B2A32750FBE500039C97 /* MainViewModel.swift */ = {isa = PBXFileReference; lastKnownFileType = sourcecode.swift; path = MainViewModel.swift; sourceTree = "<group>"; };
		1E35B2A82750FC1000039C97 /* MainViewController.swift */ = {isa = PBXFileReference; lastKnownFileType = sourcecode.swift; path = MainViewController.swift; sourceTree = "<group>"; };
		1E35B2AA2750FC3100039C97 /* MainViewBuilder.swift */ = {isa = PBXFileReference; lastKnownFileType = sourcecode.swift; path = MainViewBuilder.swift; sourceTree = "<group>"; };
		1E35B2AD2751023400039C97 /* ImageCacheManager.swift */ = {isa = PBXFileReference; fileEncoding = 4; lastKnownFileType = sourcecode.swift; path = ImageCacheManager.swift; sourceTree = "<group>"; };
		1E9C30FE275102E300525DB9 /* TopCollectionView.swift */ = {isa = PBXFileReference; lastKnownFileType = sourcecode.swift; path = TopCollectionView.swift; sourceTree = "<group>"; };
		1E9C31022751032900525DB9 /* CustomImageViewComponentContainer.swift */ = {isa = PBXFileReference; fileEncoding = 4; lastKnownFileType = sourcecode.swift; path = CustomImageViewComponentContainer.swift; sourceTree = "<group>"; };
		1E9C31032751032900525DB9 /* CustomImageViewComponentData.swift */ = {isa = PBXFileReference; fileEncoding = 4; lastKnownFileType = sourcecode.swift; path = CustomImageViewComponentData.swift; sourceTree = "<group>"; };
		1E9C31042751032900525DB9 /* CustomImageViewComponent.swift */ = {isa = PBXFileReference; fileEncoding = 4; lastKnownFileType = sourcecode.swift; path = CustomImageViewComponent.swift; sourceTree = "<group>"; };
		1E9C31052751032900525DB9 /* CustomImageLoadingType.swift */ = {isa = PBXFileReference; fileEncoding = 4; lastKnownFileType = sourcecode.swift; path = CustomImageLoadingType.swift; sourceTree = "<group>"; };
		1E9C310A2751037F00525DB9 /* TopCollectionViewData.swift */ = {isa = PBXFileReference; lastKnownFileType = sourcecode.swift; path = TopCollectionViewData.swift; sourceTree = "<group>"; };
		1E9C310C275105AF00525DB9 /* TopCollectionViewCell.swift */ = {isa = PBXFileReference; lastKnownFileType = sourcecode.swift; path = TopCollectionViewCell.swift; sourceTree = "<group>"; };
		1E9C310E2751069400525DB9 /* ItemProviderProtocol.swift */ = {isa = PBXFileReference; lastKnownFileType = sourcecode.swift; path = ItemProviderProtocol.swift; sourceTree = "<group>"; };
		1E9C31112751074600525DB9 /* MainVM+ItemProviderProtocol.swift */ = {isa = PBXFileReference; lastKnownFileType = sourcecode.swift; path = "MainVM+ItemProviderProtocol.swift"; sourceTree = "<group>"; };
		1E9C31132751270800525DB9 /* MainViewDataFormatter+Extension.swift */ = {isa = PBXFileReference; lastKnownFileType = sourcecode.swift; path = "MainViewDataFormatter+Extension.swift"; sourceTree = "<group>"; };
/* End PBXFileReference section */

/* Begin PBXFrameworksBuildPhase section */
		1E35B2872750FBA200039C97 /* Frameworks */ = {
			isa = PBXFrameworksBuildPhase;
			buildActionMask = 2147483647;
			files = (
				1E35B2A72750FC0300039C97 /* BaseModules in Frameworks */,
			);
			runOnlyForDeploymentPostprocessing = 0;
		};
/* End PBXFrameworksBuildPhase section */

/* Begin PBXGroup section */
		1E35B2812750FBA200039C97 = {
			isa = PBXGroup;
			children = (
				1E35B28C2750FBA200039C97 /* MovieDiary */,
				1E35B28B2750FBA200039C97 /* Products */,
			);
			sourceTree = "<group>";
		};
		1E35B28B2750FBA200039C97 /* Products */ = {
			isa = PBXGroup;
			children = (
				1E35B28A2750FBA200039C97 /* MovieDiary.app */,
			);
			name = Products;
			sourceTree = "<group>";
		};
		1E35B28C2750FBA200039C97 /* MovieDiary */ = {
			isa = PBXGroup;
			children = (
				1E35B2AF2751023A00039C97 /* ViewComponents */,
				1E35B2AC2751022A00039C97 /* Managers */,
				1E35B2A12750FBDC00039C97 /* Scenes */,
				1E35B28D2750FBA200039C97 /* AppDelegate.swift */,
				1E35B2962750FBA300039C97 /* Assets.xcassets */,
				1E35B2982750FBA300039C97 /* LaunchScreen.storyboard */,
				1E35B29B2750FBA300039C97 /* Info.plist */,
			);
			path = MovieDiary;
			sourceTree = "<group>";
		};
		1E35B2A12750FBDC00039C97 /* Scenes */ = {
			isa = PBXGroup;
			children = (
				1E35B2A22750FBDF00039C97 /* Main */,
			);
			path = Scenes;
			sourceTree = "<group>";
		};
		1E35B2A22750FBDF00039C97 /* Main */ = {
			isa = PBXGroup;
			children = (
				1E9C31102751072A00525DB9 /* Extensions */,
				1E35B2A32750FBE500039C97 /* MainViewModel.swift */,
				1E35B2A82750FC1000039C97 /* MainViewController.swift */,
				1E35B2AA2750FC3100039C97 /* MainViewBuilder.swift */,
				1E9C31132751270800525DB9 /* MainViewDataFormatter+Extension.swift */,
			);
			path = Main;
			sourceTree = "<group>";
		};
		1E35B2AC2751022A00039C97 /* Managers */ = {
			isa = PBXGroup;
			children = (
				1E35B2AD2751023400039C97 /* ImageCacheManager.swift */,
			);
			path = Managers;
			sourceTree = "<group>";
		};
		1E35B2AF2751023A00039C97 /* ViewComponents */ = {
			isa = PBXGroup;
			children = (
				1E9C31012751030D00525DB9 /* CustomImageViewComponents */,
				1E35B2B02751029700039C97 /* TopCollectionViewComponents */,
			);
			path = ViewComponents;
			sourceTree = "<group>";
		};
		1E35B2B02751029700039C97 /* TopCollectionViewComponents */ = {
			isa = PBXGroup;
			children = (
				1E9C30FE275102E300525DB9 /* TopCollectionView.swift */,
				1E9C310A2751037F00525DB9 /* TopCollectionViewData.swift */,
				1E9C310C275105AF00525DB9 /* TopCollectionViewCell.swift */,
				1E9C310E2751069400525DB9 /* ItemProviderProtocol.swift */,
			);
			path = TopCollectionViewComponents;
			sourceTree = "<group>";
		};
		1E9C31012751030D00525DB9 /* CustomImageViewComponents */ = {
			isa = PBXGroup;
			children = (
				1E9C31052751032900525DB9 /* CustomImageLoadingType.swift */,
				1E9C31042751032900525DB9 /* CustomImageViewComponent.swift */,
				1E9C31022751032900525DB9 /* CustomImageViewComponentContainer.swift */,
				1E9C31032751032900525DB9 /* CustomImageViewComponentData.swift */,
			);
			path = CustomImageViewComponents;
			sourceTree = "<group>";
		};
		1E9C31102751072A00525DB9 /* Extensions */ = {
			isa = PBXGroup;
			children = (
				1E9C31112751074600525DB9 /* MainVM+ItemProviderProtocol.swift */,
			);
			path = Extensions;
			sourceTree = "<group>";
		};
/* End PBXGroup section */

/* Begin PBXNativeTarget section */
		1E35B2892750FBA200039C97 /* MovieDiary */ = {
			isa = PBXNativeTarget;
			buildConfigurationList = 1E35B29E2750FBA300039C97 /* Build configuration list for PBXNativeTarget "MovieDiary" */;
			buildPhases = (
				1E35B2862750FBA200039C97 /* Sources */,
				1E35B2872750FBA200039C97 /* Frameworks */,
				1E35B2882750FBA200039C97 /* Resources */,
			);
			buildRules = (
			);
			dependencies = (
			);
			name = MovieDiary;
			packageProductDependencies = (
				1E35B2A62750FC0300039C97 /* BaseModules */,
			);
			productName = MovieDiary;
			productReference = 1E35B28A2750FBA200039C97 /* MovieDiary.app */;
			productType = "com.apple.product-type.application";
		};
/* End PBXNativeTarget section */

/* Begin PBXProject section */
		1E35B2822750FBA200039C97 /* Project object */ = {
			isa = PBXProject;
			attributes = {
				BuildIndependentTargetsInParallel = 1;
				LastSwiftUpdateCheck = 1310;
				LastUpgradeCheck = 1310;
				TargetAttributes = {
					1E35B2892750FBA200039C97 = {
						CreatedOnToolsVersion = 13.1;
					};
				};
			};
			buildConfigurationList = 1E35B2852750FBA200039C97 /* Build configuration list for PBXProject "MovieDiary" */;
			compatibilityVersion = "Xcode 13.0";
			developmentRegion = en;
			hasScannedForEncodings = 0;
			knownRegions = (
				en,
				Base,
			);
			mainGroup = 1E35B2812750FBA200039C97;
			packageReferences = (
				1E35B2A52750FC0300039C97 /* XCRemoteSwiftPackageReference "BaseModules" */,
			);
			productRefGroup = 1E35B28B2750FBA200039C97 /* Products */;
			projectDirPath = "";
			projectRoot = "";
			targets = (
				1E35B2892750FBA200039C97 /* MovieDiary */,
			);
		};
/* End PBXProject section */

/* Begin PBXResourcesBuildPhase section */
		1E35B2882750FBA200039C97 /* Resources */ = {
			isa = PBXResourcesBuildPhase;
			buildActionMask = 2147483647;
			files = (
				1E35B29A2750FBA300039C97 /* LaunchScreen.storyboard in Resources */,
				1E35B2972750FBA300039C97 /* Assets.xcassets in Resources */,
			);
			runOnlyForDeploymentPostprocessing = 0;
		};
/* End PBXResourcesBuildPhase section */

/* Begin PBXSourcesBuildPhase section */
		1E35B2862750FBA200039C97 /* Sources */ = {
			isa = PBXSourcesBuildPhase;
			buildActionMask = 2147483647;
			files = (
				1E9C310D275105AF00525DB9 /* TopCollectionViewCell.swift in Sources */,
				1E9C31122751074600525DB9 /* MainVM+ItemProviderProtocol.swift in Sources */,
				1E35B2A92750FC1000039C97 /* MainViewController.swift in Sources */,
				1E35B28E2750FBA200039C97 /* AppDelegate.swift in Sources */,
				1E9C30FF275102E300525DB9 /* TopCollectionView.swift in Sources */,
				1E35B2AE2751023400039C97 /* ImageCacheManager.swift in Sources */,
				1E9C31082751032900525DB9 /* CustomImageViewComponent.swift in Sources */,
				1E9C310B2751037F00525DB9 /* TopCollectionViewData.swift in Sources */,
				1E9C31092751032900525DB9 /* CustomImageLoadingType.swift in Sources */,
				1E9C31062751032900525DB9 /* CustomImageViewComponentContainer.swift in Sources */,
				1E35B2A42750FBE500039C97 /* MainViewModel.swift in Sources */,
				1E35B2AB2750FC3100039C97 /* MainViewBuilder.swift in Sources */,
				1E9C31072751032900525DB9 /* CustomImageViewComponentData.swift in Sources */,
				1E9C310F2751069400525DB9 /* ItemProviderProtocol.swift in Sources */,
				1E9C31142751270800525DB9 /* MainViewDataFormatter+Extension.swift in Sources */,
			);
			runOnlyForDeploymentPostprocessing = 0;
		};
/* End PBXSourcesBuildPhase section */

/* Begin PBXVariantGroup section */
		1E35B2982750FBA300039C97 /* LaunchScreen.storyboard */ = {
			isa = PBXVariantGroup;
			children = (
				1E35B2992750FBA300039C97 /* Base */,
			);
			name = LaunchScreen.storyboard;
			sourceTree = "<group>";
		};
/* End PBXVariantGroup section */

/* Begin XCBuildConfiguration section */
		1E35B29C2750FBA300039C97 /* Debug */ = {
			isa = XCBuildConfiguration;
			buildSettings = {
				ALWAYS_SEARCH_USER_PATHS = NO;
				CLANG_ANALYZER_NONNULL = YES;
				CLANG_ANALYZER_NUMBER_OBJECT_CONVERSION = YES_AGGRESSIVE;
				CLANG_CXX_LANGUAGE_STANDARD = "gnu++17";
				CLANG_CXX_LIBRARY = "libc++";
				CLANG_ENABLE_MODULES = YES;
				CLANG_ENABLE_OBJC_ARC = YES;
				CLANG_ENABLE_OBJC_WEAK = YES;
				CLANG_WARN_BLOCK_CAPTURE_AUTORELEASING = YES;
				CLANG_WARN_BOOL_CONVERSION = YES;
				CLANG_WARN_COMMA = YES;
				CLANG_WARN_CONSTANT_CONVERSION = YES;
				CLANG_WARN_DEPRECATED_OBJC_IMPLEMENTATIONS = YES;
				CLANG_WARN_DIRECT_OBJC_ISA_USAGE = YES_ERROR;
				CLANG_WARN_DOCUMENTATION_COMMENTS = YES;
				CLANG_WARN_EMPTY_BODY = YES;
				CLANG_WARN_ENUM_CONVERSION = YES;
				CLANG_WARN_INFINITE_RECURSION = YES;
				CLANG_WARN_INT_CONVERSION = YES;
				CLANG_WARN_NON_LITERAL_NULL_CONVERSION = YES;
				CLANG_WARN_OBJC_IMPLICIT_RETAIN_SELF = YES;
				CLANG_WARN_OBJC_LITERAL_CONVERSION = YES;
				CLANG_WARN_OBJC_ROOT_CLASS = YES_ERROR;
				CLANG_WARN_QUOTED_INCLUDE_IN_FRAMEWORK_HEADER = YES;
				CLANG_WARN_RANGE_LOOP_ANALYSIS = YES;
				CLANG_WARN_STRICT_PROTOTYPES = YES;
				CLANG_WARN_SUSPICIOUS_MOVE = YES;
				CLANG_WARN_UNGUARDED_AVAILABILITY = YES_AGGRESSIVE;
				CLANG_WARN_UNREACHABLE_CODE = YES;
				CLANG_WARN__DUPLICATE_METHOD_MATCH = YES;
				COPY_PHASE_STRIP = NO;
				DEBUG_INFORMATION_FORMAT = dwarf;
				ENABLE_STRICT_OBJC_MSGSEND = YES;
				ENABLE_TESTABILITY = YES;
				GCC_C_LANGUAGE_STANDARD = gnu11;
				GCC_DYNAMIC_NO_PIC = NO;
				GCC_NO_COMMON_BLOCKS = YES;
				GCC_OPTIMIZATION_LEVEL = 0;
				GCC_PREPROCESSOR_DEFINITIONS = (
					"DEBUG=1",
					"$(inherited)",
				);
				GCC_WARN_64_TO_32_BIT_CONVERSION = YES;
				GCC_WARN_ABOUT_RETURN_TYPE = YES_ERROR;
				GCC_WARN_UNDECLARED_SELECTOR = YES;
				GCC_WARN_UNINITIALIZED_AUTOS = YES_AGGRESSIVE;
				GCC_WARN_UNUSED_FUNCTION = YES;
				GCC_WARN_UNUSED_VARIABLE = YES;
				IPHONEOS_DEPLOYMENT_TARGET = 15.0;
				MTL_ENABLE_DEBUG_INFO = INCLUDE_SOURCE;
				MTL_FAST_MATH = YES;
				ONLY_ACTIVE_ARCH = YES;
				SDKROOT = iphoneos;
				SWIFT_ACTIVE_COMPILATION_CONDITIONS = DEBUG;
				SWIFT_OPTIMIZATION_LEVEL = "-Onone";
			};
			name = Debug;
		};
		1E35B29D2750FBA300039C97 /* Release */ = {
			isa = XCBuildConfiguration;
			buildSettings = {
				ALWAYS_SEARCH_USER_PATHS = NO;
				CLANG_ANALYZER_NONNULL = YES;
				CLANG_ANALYZER_NUMBER_OBJECT_CONVERSION = YES_AGGRESSIVE;
				CLANG_CXX_LANGUAGE_STANDARD = "gnu++17";
				CLANG_CXX_LIBRARY = "libc++";
				CLANG_ENABLE_MODULES = YES;
				CLANG_ENABLE_OBJC_ARC = YES;
				CLANG_ENABLE_OBJC_WEAK = YES;
				CLANG_WARN_BLOCK_CAPTURE_AUTORELEASING = YES;
				CLANG_WARN_BOOL_CONVERSION = YES;
				CLANG_WARN_COMMA = YES;
				CLANG_WARN_CONSTANT_CONVERSION = YES;
				CLANG_WARN_DEPRECATED_OBJC_IMPLEMENTATIONS = YES;
				CLANG_WARN_DIRECT_OBJC_ISA_USAGE = YES_ERROR;
				CLANG_WARN_DOCUMENTATION_COMMENTS = YES;
				CLANG_WARN_EMPTY_BODY = YES;
				CLANG_WARN_ENUM_CONVERSION = YES;
				CLANG_WARN_INFINITE_RECURSION = YES;
				CLANG_WARN_INT_CONVERSION = YES;
				CLANG_WARN_NON_LITERAL_NULL_CONVERSION = YES;
				CLANG_WARN_OBJC_IMPLICIT_RETAIN_SELF = YES;
				CLANG_WARN_OBJC_LITERAL_CONVERSION = YES;
				CLANG_WARN_OBJC_ROOT_CLASS = YES_ERROR;
				CLANG_WARN_QUOTED_INCLUDE_IN_FRAMEWORK_HEADER = YES;
				CLANG_WARN_RANGE_LOOP_ANALYSIS = YES;
				CLANG_WARN_STRICT_PROTOTYPES = YES;
				CLANG_WARN_SUSPICIOUS_MOVE = YES;
				CLANG_WARN_UNGUARDED_AVAILABILITY = YES_AGGRESSIVE;
				CLANG_WARN_UNREACHABLE_CODE = YES;
				CLANG_WARN__DUPLICATE_METHOD_MATCH = YES;
				COPY_PHASE_STRIP = NO;
				DEBUG_INFORMATION_FORMAT = "dwarf-with-dsym";
				ENABLE_NS_ASSERTIONS = NO;
				ENABLE_STRICT_OBJC_MSGSEND = YES;
				GCC_C_LANGUAGE_STANDARD = gnu11;
				GCC_NO_COMMON_BLOCKS = YES;
				GCC_WARN_64_TO_32_BIT_CONVERSION = YES;
				GCC_WARN_ABOUT_RETURN_TYPE = YES_ERROR;
				GCC_WARN_UNDECLARED_SELECTOR = YES;
				GCC_WARN_UNINITIALIZED_AUTOS = YES_AGGRESSIVE;
				GCC_WARN_UNUSED_FUNCTION = YES;
				GCC_WARN_UNUSED_VARIABLE = YES;
				IPHONEOS_DEPLOYMENT_TARGET = 15.0;
				MTL_ENABLE_DEBUG_INFO = NO;
				MTL_FAST_MATH = YES;
				SDKROOT = iphoneos;
				SWIFT_COMPILATION_MODE = wholemodule;
				SWIFT_OPTIMIZATION_LEVEL = "-O";
				VALIDATE_PRODUCT = YES;
			};
			name = Release;
		};
		1E35B29F2750FBA300039C97 /* Debug */ = {
			isa = XCBuildConfiguration;
			buildSettings = {
				ASSETCATALOG_COMPILER_APPICON_NAME = AppIcon;
				ASSETCATALOG_COMPILER_GLOBAL_ACCENT_COLOR_NAME = AccentColor;
				CODE_SIGN_STYLE = Automatic;
				CURRENT_PROJECT_VERSION = 1;
				DEVELOPMENT_TEAM = G746TBT9SB;
				GENERATE_INFOPLIST_FILE = YES;
				INFOPLIST_FILE = MovieDiary/Info.plist;
				INFOPLIST_KEY_UIApplicationSupportsIndirectInputEvents = YES;
				INFOPLIST_KEY_UILaunchStoryboardName = LaunchScreen;
				INFOPLIST_KEY_UISupportedInterfaceOrientations_iPad = "UIInterfaceOrientationPortrait UIInterfaceOrientationPortraitUpsideDown UIInterfaceOrientationLandscapeLeft UIInterfaceOrientationLandscapeRight";
				INFOPLIST_KEY_UISupportedInterfaceOrientations_iPhone = "UIInterfaceOrientationPortrait UIInterfaceOrientationLandscapeLeft UIInterfaceOrientationLandscapeRight";
				LD_RUNPATH_SEARCH_PATHS = (
					"$(inherited)",
					"@executable_path/Frameworks",
				);
				MARKETING_VERSION = 1.0;
				PRODUCT_BUNDLE_IDENTIFIER = com.canyoldas.MovieDiary;
				PRODUCT_NAME = "$(TARGET_NAME)";
				SWIFT_EMIT_LOC_STRINGS = YES;
				SWIFT_VERSION = 5.0;
				TARGETED_DEVICE_FAMILY = "1,2";
			};
			name = Debug;
		};
		1E35B2A02750FBA300039C97 /* Release */ = {
			isa = XCBuildConfiguration;
			buildSettings = {
				ASSETCATALOG_COMPILER_APPICON_NAME = AppIcon;
				ASSETCATALOG_COMPILER_GLOBAL_ACCENT_COLOR_NAME = AccentColor;
				CODE_SIGN_STYLE = Automatic;
				CURRENT_PROJECT_VERSION = 1;
				DEVELOPMENT_TEAM = G746TBT9SB;
				GENERATE_INFOPLIST_FILE = YES;
				INFOPLIST_FILE = MovieDiary/Info.plist;
				INFOPLIST_KEY_UIApplicationSupportsIndirectInputEvents = YES;
				INFOPLIST_KEY_UILaunchStoryboardName = LaunchScreen;
				INFOPLIST_KEY_UISupportedInterfaceOrientations_iPad = "UIInterfaceOrientationPortrait UIInterfaceOrientationPortraitUpsideDown UIInterfaceOrientationLandscapeLeft UIInterfaceOrientationLandscapeRight";
				INFOPLIST_KEY_UISupportedInterfaceOrientations_iPhone = "UIInterfaceOrientationPortrait UIInterfaceOrientationLandscapeLeft UIInterfaceOrientationLandscapeRight";
				LD_RUNPATH_SEARCH_PATHS = (
					"$(inherited)",
					"@executable_path/Frameworks",
				);
				MARKETING_VERSION = 1.0;
				PRODUCT_BUNDLE_IDENTIFIER = com.canyoldas.MovieDiary;
				PRODUCT_NAME = "$(TARGET_NAME)";
				SWIFT_EMIT_LOC_STRINGS = YES;
				SWIFT_VERSION = 5.0;
				TARGETED_DEVICE_FAMILY = "1,2";
			};
			name = Release;
		};
/* End XCBuildConfiguration section */

/* Begin XCConfigurationList section */
		1E35B2852750FBA200039C97 /* Build configuration list for PBXProject "MovieDiary" */ = {
			isa = XCConfigurationList;
			buildConfigurations = (
				1E35B29C2750FBA300039C97 /* Debug */,
				1E35B29D2750FBA300039C97 /* Release */,
			);
			defaultConfigurationIsVisible = 0;
			defaultConfigurationName = Release;
		};
		1E35B29E2750FBA300039C97 /* Build configuration list for PBXNativeTarget "MovieDiary" */ = {
			isa = XCConfigurationList;
			buildConfigurations = (
				1E35B29F2750FBA300039C97 /* Debug */,
				1E35B2A02750FBA300039C97 /* Release */,
			);
			defaultConfigurationIsVisible = 0;
			defaultConfigurationName = Release;
		};
/* End XCConfigurationList section */

/* Begin XCRemoteSwiftPackageReference section */
		1E35B2A52750FC0300039C97 /* XCRemoteSwiftPackageReference "BaseModules" */ = {
			isa = XCRemoteSwiftPackageReference;
			repositoryURL = "https://github.com/canyoldas0/BaseModules.git";
			requirement = {
				branch = main;
				kind = branch;
			};
		};
/* End XCRemoteSwiftPackageReference section */

/* Begin XCSwiftPackageProductDependency section */
		1E35B2A62750FC0300039C97 /* BaseModules */ = {
			isa = XCSwiftPackageProductDependency;
			package = 1E35B2A52750FC0300039C97 /* XCRemoteSwiftPackageReference "BaseModules" */;
			productName = BaseModules;
		};
/* End XCSwiftPackageProductDependency section */
	};
	rootObject = 1E35B2822750FBA200039C97 /* Project object */;
}
