{
  "object": {
    "pins": [
      {
        "package": "BaseModules",
        "repositoryURL": "https://github.com/canyoldas0/BaseModules.git",
        "state": {
          "branch": "main",
          "revision": "1ebdabf32a1d0db20318ee52766528991ed8852d",
          "version": null
        }
      }
    ]
  },
  "version": 1
}
